
Microsoft Visual Studio Solution File, Format Version 12.00
# Visual Studio Version 17
VisualStudioVersion = 17.12.35527.113
MinimumVisualStudioVersion = 10.0.40219.1
Project("{FAE04EC0-301F-11D3-BF4B-00C04F79EFBC}") = "MyGameTrackr", "MyGameTrackr.csproj", "{95FDFC62-9E08-4AA5-B55B-F8F0C239855C}"
EndProject
Project("{FAE04EC0-301F-11D3-BF4B-00C04F79EFBC}") = "MyGameTrackr - UnitTests", "..\MyGameTrackr - UnitTests\MyGameTrackr - UnitTests.csproj", "{FB07BD1A-6E96-43F5-AF45-12E65C35A86A}"
EndProject
Global
	GlobalSection(SolutionConfigurationPlatforms) = preSolution
		Debug|Any CPU = Debug|Any CPU
		Release|Any CPU = Release|Any CPU
	EndGlobalSection
	GlobalSection(ProjectConfigurationPlatforms) = postSolution
		{95FDFC62-9E08-4AA5-B55B-F8F0C239855C}.Debug|Any CPU.ActiveCfg = Debug|Any CPU
		{95FDFC62-9E08-4AA5-B55B-F8F0C239855C}.Debug|Any CPU.Build.0 = Debug|Any CPU
		{95FDFC62-9E08-4AA5-B55B-F8F0C239855C}.Release|Any CPU.ActiveCfg = Release|Any CPU
		{95FDFC62-9E08-4AA5-B55B-F8F0C239855C}.Release|Any CPU.Build.0 = Release|Any CPU
		{FB07BD1A-6E96-43F5-AF45-12E65C35A86A}.Debug|Any CPU.ActiveCfg = Debug|Any CPU
		{FB07BD1A-6E96-43F5-AF45-12E65C35A86A}.Debug|Any CPU.Build.0 = Debug|Any CPU
		{FB07BD1A-6E96-43F5-AF45-12E65C35A86A}.Release|Any CPU.ActiveCfg = Release|Any CPU
		{FB07BD1A-6E96-43F5-AF45-12E65C35A86A}.Release|Any CPU.Build.0 = Release|Any CPU
	EndGlobalSection
	GlobalSection(SolutionProperties) = preSolution
		HideSolutionNode = FALSE
	EndGlobalSection
EndGlobal
